
Microsoft Visual Studio Solution File, Format Version 12.00
# Visual Studio Version 17
VisualStudioVersion = 17.14.37203.1 d17.14
MinimumVisualStudioVersion = 10.0.40219.1
Project("{FAE04EC0-301F-11D3-BF4B-00C04F79EFBC}") = "QuantityMeasurementApp", "QuantityMeasurementApp.csproj", "{490D9BFF-9C41-495B-954F-FE4586FE7A84}"
EndProject
Global
	GlobalSection(SolutionConfigurationPlatforms) = preSolution
		Debug|Any CPU = Debug|Any CPU
		Release|Any CPU = Release|Any CPU
	EndGlobalSection
	GlobalSection(ProjectConfigurationPlatforms) = postSolution
		{490D9BFF-9C41-495B-954F-FE4586FE7A84}.Debug|Any CPU.ActiveCfg = Debug|Any CPU
		{490D9BFF-9C41-495B-954F-FE4586FE7A84}.Debug|Any CPU.Build.0 = Debug|Any CPU
		{490D9BFF-9C41-495B-954F-FE4586FE7A84}.Release|Any CPU.ActiveCfg = Release|Any CPU
		{490D9BFF-9C41-495B-954F-FE4586FE7A84}.Release|Any CPU.Build.0 = Release|Any CPU
	EndGlobalSection
	GlobalSection(SolutionProperties) = preSolution
		HideSolutionNode = FALSE
	EndGlobalSection
	GlobalSection(ExtensibilityGlobals) = postSolution
		SolutionGuid = {ED28679D-0925-48C5-A7A8-94E41CF7FA04}
	EndGlobalSection
EndGlobal
